// !$*UTF8*$!
{
	archiveVersion = 1;
	classes = {
	};
	objectVersion = 55;
	objects = {

/* Begin PBXBuildFile section */
		AD9466692881439200FDB5A5 /* SwiftUI_SlotsApp.swift in Sources */ = {isa = PBXBuildFile; fileRef = AD9466682881439200FDB5A5 /* SwiftUI_SlotsApp.swift */; };
		AD94666B2881439200FDB5A5 /* ContentView.swift in Sources */ = {isa = PBXBuildFile; fileRef = AD94666A2881439200FDB5A5 /* ContentView.swift */; };
		AD94666D2881439E00FDB5A5 /* Assets.xcassets in Resources */ = {isa = PBXBuildFile; fileRef = AD94666C2881439E00FDB5A5 /* Assets.xcassets */; };
		AD9466702881439E00FDB5A5 /* Preview Assets.xcassets in Resources */ = {isa = PBXBuildFile; fileRef = AD94666F2881439E00FDB5A5 /* Preview Assets.xcassets */; };
		AD94667A2881439F00FDB5A5 /* SwiftUI_SlotsTests.swift in Sources */ = {isa = PBXBuildFile; fileRef = AD9466792881439F00FDB5A5 /* SwiftUI_SlotsTests.swift */; };
		AD9466842881439F00FDB5A5 /* SwiftUI_SlotsUITests.swift in Sources */ = {isa = PBXBuildFile; fileRef = AD9466832881439F00FDB5A5 /* SwiftUI_SlotsUITests.swift */; };
		AD9466862881439F00FDB5A5 /* SwiftUI_SlotsUITestsLaunchTests.swift in Sources */ = {isa = PBXBuildFile; fileRef = AD9466852881439F00FDB5A5 /* SwiftUI_SlotsUITestsLaunchTests.swift */; };
/* End PBXBuildFile section */

/* Begin PBXContainerItemProxy section */
		AD9466762881439F00FDB5A5 /* PBXContainerItemProxy */ = {
			isa = PBXContainerItemProxy;
			containerPortal = AD94665D2881439200FDB5A5 /* Project object */;
			proxyType = 1;
			remoteGlobalIDString = AD9466642881439200FDB5A5;
			remoteInfo = "SwiftUI Slots";
		};
		AD9466802881439F00FDB5A5 /* PBXContainerItemProxy */ = {
			isa = PBXContainerItemProxy;
			containerPortal = AD94665D2881439200FDB5A5 /* Project object */;
			proxyType = 1;
			remoteGlobalIDString = AD9466642881439200FDB5A5;
			remoteInfo = "SwiftUI Slots";
		};
/* End PBXContainerItemProxy section */

/* Begin PBXFileReference section */
		AD9466652881439200FDB5A5 /* SwiftUI Slots.app */ = {isa = PBXFileReference; explicitFileType = wrapper.application; includeInIndex = 0; path = "SwiftUI Slots.app"; sourceTree = BUILT_PRODUCTS_DIR; };
		AD9466682881439200FDB5A5 /* SwiftUI_SlotsApp.swift */ = {isa = PBXFileReference; lastKnownFileType = sourcecode.swift; path = SwiftUI_SlotsApp.swift; sourceTree = "<group>"; };
		AD94666A2881439200FDB5A5 /* ContentView.swift */ = {isa = PBXFileReference; lastKnownFileType = sourcecode.swift; path = ContentView.swift; sourceTree = "<group>"; };
		AD94666C2881439E00FDB5A5 /* Assets.xcassets */ = {isa = PBXFileReference; lastKnownFileType = folder.assetcatalog; path = Assets.xcassets; sourceTree = "<group>"; };
		AD94666F2881439E00FDB5A5 /* Preview Assets.xcassets */ = {isa = PBXFileReference; lastKnownFileType = folder.assetcatalog; path = "Preview Assets.xcassets"; sourceTree = "<group>"; };
		AD9466752881439F00FDB5A5 /* SwiftUI SlotsTests.xctest */ = {isa = PBXFileReference; explicitFileType = wrapper.cfbundle; includeInIndex = 0; path = "SwiftUI SlotsTests.xctest"; sourceTree = BUILT_PRODUCTS_DIR; };
		AD9466792881439F00FDB5A5 /* SwiftUI_SlotsTests.swift */ = {isa = PBXFileReference; lastKnownFileType = sourcecode.swift; path = SwiftUI_SlotsTests.swift; sourceTree = "<group>"; };
		AD94667F2881439F00FDB5A5 /* SwiftUI SlotsUITests.xctest */ = {isa = PBXFileReference; explicitFileType = wrapper.cfbundle; includeInIndex = 0; path = "SwiftUI SlotsUITests.xctest"; sourceTree = BUILT_PRODUCTS_DIR; };
		AD9466832881439F00FDB5A5 /* SwiftUI_SlotsUITests.swift */ = {isa = PBXFileReference; lastKnownFileType = sourcecode.swift; path = SwiftUI_SlotsUITests.swift; sourceTree = "<group>"; };
		AD9466852881439F00FDB5A5 /* SwiftUI_SlotsUITestsLaunchTests.swift */ = {isa = PBXFileReference; lastKnownFileType = sourcecode.swift; path = SwiftUI_SlotsUITestsLaunchTests.swift; sourceTree = "<group>"; };
/* End PBXFileReference section */

/* Begin PBXFrameworksBuildPhase section */
		AD9466622881439200FDB5A5 /* Frameworks */ = {
			isa = PBXFrameworksBuildPhase;
			buildActionMask = 2147483647;
			files = (
			);
			runOnlyForDeploymentPostprocessing = 0;
		};
		AD9466722881439F00FDB5A5 /* Frameworks */ = {
			isa = PBXFrameworksBuildPhase;
			buildActionMask = 2147483647;
			files = (
			);
			runOnlyForDeploymentPostprocessing = 0;
		};
		AD94667C2881439F00FDB5A5 /* Frameworks */ = {
			isa = PBXFrameworksBuildPhase;
			buildActionMask = 2147483647;
			files = (
			);
			runOnlyForDeploymentPostprocessing = 0;
		};
/* End PBXFrameworksBuildPhase section */

/* Begin PBXGroup section */
		AD94665C2881439200FDB5A5 = {
			isa = PBXGroup;
			children = (
				AD9466672881439200FDB5A5 /* SwiftUI Slots */,
				AD9466782881439F00FDB5A5 /* SwiftUI SlotsTests */,
				AD9466822881439F00FDB5A5 /* SwiftUI SlotsUITests */,
				AD9466662881439200FDB5A5 /* Products */,
			);
			sourceTree = "<group>";
		};
		AD9466662881439200FDB5A5 /* Products */ = {
			isa = PBXGroup;
			children = (
				AD9466652881439200FDB5A5 /* SwiftUI Slots.app */,
				AD9466752881439F00FDB5A5 /* SwiftUI SlotsTests.xctest */,
				AD94667F2881439F00FDB5A5 /* SwiftUI SlotsUITests.xctest */,
			);
			name = Products;
			sourceTree = "<group>";
		};
		AD9466672881439200FDB5A5 /* SwiftUI Slots */ = {
			isa = PBXGroup;
			children = (
				AD9466682881439200FDB5A5 /* SwiftUI_SlotsApp.swift */,
				AD94666A2881439200FDB5A5 /* ContentView.swift */,
				AD94666C2881439E00FDB5A5 /* Assets.xcassets */,
				AD94666E2881439E00FDB5A5 /* Preview Content */,
			);
			path = "SwiftUI Slots";
			sourceTree = "<group>";
		};
		AD94666E2881439E00FDB5A5 /* Preview Content */ = {
			isa = PBXGroup;
			children = (
				AD94666F2881439E00FDB5A5 /* Preview Assets.xcassets */,
			);
			path = "Preview Content";
			sourceTree = "<group>";
		};
		AD9466782881439F00FDB5A5 /* SwiftUI SlotsTests */ = {
			isa = PBXGroup;
			children = (
				AD9466792881439F00FDB5A5 /* SwiftUI_SlotsTests.swift */,
			);
			path = "SwiftUI SlotsTests";
			sourceTree = "<group>";
		};
		AD9466822881439F00FDB5A5 /* SwiftUI SlotsUITests */ = {
			isa = PBXGroup;
			children = (
				AD9466832881439F00FDB5A5 /* SwiftUI_SlotsUITests.swift */,
				AD9466852881439F00FDB5A5 /* SwiftUI_SlotsUITestsLaunchTests.swift */,
			);
			path = "SwiftUI SlotsUITests";
			sourceTree = "<group>";
		};
/* End PBXGroup section */

/* Begin PBXNativeTarget section */
		AD9466642881439200FDB5A5 /* SwiftUI Slots */ = {
			isa = PBXNativeTarget;
			buildConfigurationList = AD9466892881439F00FDB5A5 /* Build configuration list for PBXNativeTarget "SwiftUI Slots" */;
			buildPhases = (
				AD9466612881439200FDB5A5 /* Sources */,
				AD9466622881439200FDB5A5 /* Frameworks */,
				AD9466632881439200FDB5A5 /* Resources */,
			);
			buildRules = (
			);
			dependencies = (
			);
			name = "SwiftUI Slots";
			productName = "SwiftUI Slots";
			productReference = AD9466652881439200FDB5A5 /* SwiftUI Slots.app */;
			productType = "com.apple.product-type.application";
		};
		AD9466742881439F00FDB5A5 /* SwiftUI SlotsTests */ = {
			isa = PBXNativeTarget;
			buildConfigurationList = AD94668C2881439F00FDB5A5 /* Build configuration list for PBXNativeTarget "SwiftUI SlotsTests" */;
			buildPhases = (
				AD9466712881439F00FDB5A5 /* Sources */,
				AD9466722881439F00FDB5A5 /* Frameworks */,
				AD9466732881439F00FDB5A5 /* Resources */,
			);
			buildRules = (
			);
			dependencies = (
				AD9466772881439F00FDB5A5 /* PBXTargetDependency */,
			);
			name = "SwiftUI SlotsTests";
			productName = "SwiftUI SlotsTests";
			productReference = AD9466752881439F00FDB5A5 /* SwiftUI SlotsTests.xctest */;
			productType = "com.apple.product-type.bundle.unit-test";
		};
		AD94667E2881439F00FDB5A5 /* SwiftUI SlotsUITests */ = {
			isa = PBXNativeTarget;
			buildConfigurationList = AD94668F2881439F00FDB5A5 /* Build configuration list for PBXNativeTarget "SwiftUI SlotsUITests" */;
			buildPhases = (
				AD94667B2881439F00FDB5A5 /* Sources */,
				AD94667C2881439F00FDB5A5 /* Frameworks */,
				AD94667D2881439F00FDB5A5 /* Resources */,
			);
			buildRules = (
			);
			dependencies = (
				AD9466812881439F00FDB5A5 /* PBXTargetDependency */,
			);
			name = "SwiftUI SlotsUITests";
			productName = "SwiftUI SlotsUITests";
			productReference = AD94667F2881439F00FDB5A5 /* SwiftUI SlotsUITests.xctest */;
			productType = "com.apple.product-type.bundle.ui-testing";
		};
/* End PBXNativeTarget section */

/* Begin PBXProject section */
		AD94665D2881439200FDB5A5 /* Project object */ = {
			isa = PBXProject;
			attributes = {
				BuildIndependentTargetsInParallel = 1;
				LastSwiftUpdateCheck = 1320;
				LastUpgradeCheck = 1320;
				TargetAttributes = {
					AD9466642881439200FDB5A5 = {
						CreatedOnToolsVersion = 13.2.1;
					};
					AD9466742881439F00FDB5A5 = {
						CreatedOnToolsVersion = 13.2.1;
						TestTargetID = AD9466642881439200FDB5A5;
					};
					AD94667E2881439F00FDB5A5 = {
						CreatedOnToolsVersion = 13.2.1;
						TestTargetID = AD9466642881439200FDB5A5;
					};
				};
			};
			buildConfigurationList = AD9466602881439200FDB5A5 /* Build configuration list for PBXProject "SwiftUI Slots" */;
			compatibilityVersion = "Xcode 13.0";
			developmentRegion = en;
			hasScannedForEncodings = 0;
			knownRegions = (
				en,
				Base,
			);
			mainGroup = AD94665C2881439200FDB5A5;
			productRefGroup = AD9466662881439200FDB5A5 /* Products */;
			projectDirPath = "";
			projectRoot = "";
			targets = (
				AD9466642881439200FDB5A5 /* SwiftUI Slots */,
				AD9466742881439F00FDB5A5 /* SwiftUI SlotsTests */,
				AD94667E2881439F00FDB5A5 /* SwiftUI SlotsUITests */,
			);
		};
/* End PBXProject section */

/* Begin PBXResourcesBuildPhase section */
		AD9466632881439200FDB5A5 /* Resources */ = {
			isa = PBXResourcesBuildPhase;
			buildActionMask = 2147483647;
			files = (
				AD9466702881439E00FDB5A5 /* Preview Assets.xcassets in Resources */,
				AD94666D2881439E00FDB5A5 /* Assets.xcassets in Resources */,
			);
			runOnlyForDeploymentPostprocessing = 0;
		};
		AD9466732881439F00FDB5A5 /* Resources */ = {
			isa = PBXResourcesBuildPhase;
			buildActionMask = 2147483647;
			files = (
			);
			runOnlyForDeploymentPostprocessing = 0;
		};
		AD94667D2881439F00FDB5A5 /* Resources */ = {
			isa = PBXResourcesBuildPhase;
			buildActionMask = 2147483647;
			files = (
			);
			runOnlyForDeploymentPostprocessing = 0;
		};
/* End PBXResourcesBuildPhase section */

/* Begin PBXSourcesBuildPhase section */
		AD9466612881439200FDB5A5 /* Sources */ = {
			isa = PBXSourcesBuildPhase;
			buildActionMask = 2147483647;
			files = (
				AD94666B2881439200FDB5A5 /* ContentView.swift in Sources */,
				AD9466692881439200FDB5A5 /* SwiftUI_SlotsApp.swift in Sources */,
			);
			runOnlyForDeploymentPostprocessing = 0;
		};
		AD9466712881439F00FDB5A5 /* Sources */ = {
			isa = PBXSourcesBuildPhase;
			buildActionMask = 2147483647;
			files = (
				AD94667A2881439F00FDB5A5 /* SwiftUI_SlotsTests.swift in Sources */,
			);
			runOnlyForDeploymentPostprocessing = 0;
		};
		AD94667B2881439F00FDB5A5 /* Sources */ = {
			isa = PBXSourcesBuildPhase;
			buildActionMask = 2147483647;
			files = (
				AD9466862881439F00FDB5A5 /* SwiftUI_SlotsUITestsLaunchTests.swift in Sources */,
				AD9466842881439F00FDB5A5 /* SwiftUI_SlotsUITests.swift in Sources */,
			);
			runOnlyForDeploymentPostprocessing = 0;
		};
/* End PBXSourcesBuildPhase section */

/* Begin PBXTargetDependency section */
		AD9466772881439F00FDB5A5 /* PBXTargetDependency */ = {
			isa = PBXTargetDependency;
			target = AD9466642881439200FDB5A5 /* SwiftUI Slots */;
			targetProxy = AD9466762881439F00FDB5A5 /* PBXContainerItemProxy */;
		};
		AD9466812881439F00FDB5A5 /* PBXTargetDependency */ = {
			isa = PBXTargetDependency;
			target = AD9466642881439200FDB5A5 /* SwiftUI Slots */;
			targetProxy = AD9466802881439F00FDB5A5 /* PBXContainerItemProxy */;
		};
/* End PBXTargetDependency section */

/* Begin XCBuildConfiguration section */
		AD9466872881439F00FDB5A5 /* Debug */ = {
			isa = XCBuildConfiguration;
			buildSettings = {
				ALWAYS_SEARCH_USER_PATHS = NO;
				CLANG_ANALYZER_NONNULL = YES;
				CLANG_ANALYZER_NUMBER_OBJECT_CONVERSION = YES_AGGRESSIVE;
				CLANG_CXX_LANGUAGE_STANDARD = "gnu++17";
				CLANG_CXX_LIBRARY = "libc++";
				CLANG_ENABLE_MODULES = YES;
				CLANG_ENABLE_OBJC_ARC = YES;
				CLANG_ENABLE_OBJC_WEAK = YES;
				CLANG_WARN_BLOCK_CAPTURE_AUTORELEASING = YES;
				CLANG_WARN_BOOL_CONVERSION = YES;
				CLANG_WARN_COMMA = YES;
				CLANG_WARN_CONSTANT_CONVERSION = YES;
				CLANG_WARN_DEPRECATED_OBJC_IMPLEMENTATIONS = YES;
				CLANG_WARN_DIRECT_OBJC_ISA_USAGE = YES_ERROR;
				CLANG_WARN_DOCUMENTATION_COMMENTS = YES;
				CLANG_WARN_EMPTY_BODY = YES;
				CLANG_WARN_ENUM_CONVERSION = YES;
				CLANG_WARN_INFINITE_RECURSION = YES;
				CLANG_WARN_INT_CONVERSION = YES;
				CLANG_WARN_NON_LITERAL_NULL_CONVERSION = YES;
				CLANG_WARN_OBJC_IMPLICIT_RETAIN_SELF = YES;
				CLANG_WARN_OBJC_LITERAL_CONVERSION = YES;
				CLANG_WARN_OBJC_ROOT_CLASS = YES_ERROR;
				CLANG_WARN_QUOTED_INCLUDE_IN_FRAMEWORK_HEADER = YES;
				CLANG_WARN_RANGE_LOOP_ANALYSIS = YES;
				CLANG_WARN_STRICT_PROTOTYPES = YES;
				CLANG_WARN_SUSPICIOUS_MOVE = YES;
				CLANG_WARN_UNGUARDED_AVAILABILITY = YES_AGGRESSIVE;
				CLANG_WARN_UNREACHABLE_CODE = YES;
				CLANG_WARN__DUPLICATE_METHOD_MATCH = YES;
				COPY_PHASE_STRIP = NO;
				DEBUG_INFORMATION_FORMAT = dwarf;
				ENABLE_STRICT_OBJC_MSGSEND = YES;
				ENABLE_TESTABILITY = YES;
				GCC_C_LANGUAGE_STANDARD = gnu11;
				GCC_DYNAMIC_NO_PIC = NO;
				GCC_NO_COMMON_BLOCKS = YES;
				GCC_OPTIMIZATION_LEVEL = 0;
				GCC_PREPROCESSOR_DEFINITIONS = (
					"DEBUG=1",
					"$(inherited)",
				);
				GCC_WARN_64_TO_32_BIT_CONVERSION = YES;
				GCC_WARN_ABOUT_RETURN_TYPE = YES_ERROR;
				GCC_WARN_UNDECLARED_SELECTOR = YES;
				GCC_WARN_UNINITIALIZED_AUTOS = YES_AGGRESSIVE;
				GCC_WARN_UNUSED_FUNCTION = YES;
				GCC_WARN_UNUSED_VARIABLE = YES;
				IPHONEOS_DEPLOYMENT_TARGET = 15.2;
				MTL_ENABLE_DEBUG_INFO = INCLUDE_SOURCE;
				MTL_FAST_MATH = YES;
				ONLY_ACTIVE_ARCH = YES;
				SDKROOT = iphoneos;
				SWIFT_ACTIVE_COMPILATION_CONDITIONS = DEBUG;
				SWIFT_OPTIMIZATION_LEVEL = "-Onone";
			};
			name = Debug;
		};
		AD9466882881439F00FDB5A5 /* Release */ = {
			isa = XCBuildConfiguration;
			buildSettings = {
				ALWAYS_SEARCH_USER_PATHS = NO;
				CLANG_ANALYZER_NONNULL = YES;
				CLANG_ANALYZER_NUMBER_OBJECT_CONVERSION = YES_AGGRESSIVE;
				CLANG_CXX_LANGUAGE_STANDARD = "gnu++17";
				CLANG_CXX_LIBRARY = "libc++";
				CLANG_ENABLE_MODULES = YES;
				CLANG_ENABLE_OBJC_ARC = YES;
				CLANG_ENABLE_OBJC_WEAK = YES;
				CLANG_WARN_BLOCK_CAPTURE_AUTORELEASING = YES;
				CLANG_WARN_BOOL_CONVERSION = YES;
				CLANG_WARN_COMMA = YES;
				CLANG_WARN_CONSTANT_CONVERSION = YES;
				CLANG_WARN_DEPRECATED_OBJC_IMPLEMENTATIONS = YES;
				CLANG_WARN_DIRECT_OBJC_ISA_USAGE = YES_ERROR;
				CLANG_WARN_DOCUMENTATION_COMMENTS = YES;
				CLANG_WARN_EMPTY_BODY = YES;
				CLANG_WARN_ENUM_CONVERSION = YES;
				CLANG_WARN_INFINITE_RECURSION = YES;
				CLANG_WARN_INT_CONVERSION = YES;
				CLANG_WARN_NON_LITERAL_NULL_CONVERSION = YES;
				CLANG_WARN_OBJC_IMPLICIT_RETAIN_SELF = YES;
				CLANG_WARN_OBJC_LITERAL_CONVERSION = YES;
				CLANG_WARN_OBJC_ROOT_CLASS = YES_ERROR;
				CLANG_WARN_QUOTED_INCLUDE_IN_FRAMEWORK_HEADER = YES;
				CLANG_WARN_RANGE_LOOP_ANALYSIS = YES;
				CLANG_WARN_STRICT_PROTOTYPES = YES;
				CLANG_WARN_SUSPICIOUS_MOVE = YES;
				CLANG_WARN_UNGUARDED_AVAILABILITY = YES_AGGRESSIVE;
				CLANG_WARN_UNREACHABLE_CODE = YES;
				CLANG_WARN__DUPLICATE_METHOD_MATCH = YES;
				COPY_PHASE_STRIP = NO;
				DEBUG_INFORMATION_FORMAT = "dwarf-with-dsym";
				ENABLE_NS_ASSERTIONS = NO;
				ENABLE_STRICT_OBJC_MSGSEND = YES;
				GCC_C_LANGUAGE_STANDARD = gnu11;
				GCC_NO_COMMON_BLOCKS = YES;
				GCC_WARN_64_TO_32_BIT_CONVERSION = YES;
				GCC_WARN_ABOUT_RETURN_TYPE = YES_ERROR;
				GCC_WARN_UNDECLARED_SELECTOR = YES;
				GCC_WARN_UNINITIALIZED_AUTOS = YES_AGGRESSIVE;
				GCC_WARN_UNUSED_FUNCTION = YES;
				GCC_WARN_UNUSED_VARIABLE = YES;
				IPHONEOS_DEPLOYMENT_TARGET = 15.2;
				MTL_ENABLE_DEBUG_INFO = NO;
				MTL_FAST_MATH = YES;
				SDKROOT = iphoneos;
				SWIFT_COMPILATION_MODE = wholemodule;
				SWIFT_OPTIMIZATION_LEVEL = "-O";
				VALIDATE_PRODUCT = YES;
			};
			name = Release;
		};
		AD94668A2881439F00FDB5A5 /* Debug */ = {
			isa = XCBuildConfiguration;
			buildSettings = {
				ASSETCATALOG_COMPILER_APPICON_NAME = AppIcon;
				ASSETCATALOG_COMPILER_GLOBAL_ACCENT_COLOR_NAME = AccentColor;
				CODE_SIGN_STYLE = Automatic;
				CURRENT_PROJECT_VERSION = 1;
				DEVELOPMENT_ASSET_PATHS = "\"SwiftUI Slots/Preview Content\"";
				ENABLE_PREVIEWS = YES;
				GENERATE_INFOPLIST_FILE = YES;
				INFOPLIST_KEY_UIApplicationSceneManifest_Generation = YES;
				INFOPLIST_KEY_UIApplicationSupportsIndirectInputEvents = YES;
				INFOPLIST_KEY_UILaunchScreen_Generation = YES;
				INFOPLIST_KEY_UISupportedInterfaceOrientations_iPad = "UIInterfaceOrientationPortrait UIInterfaceOrientationPortraitUpsideDown UIInterfaceOrientationLandscapeLeft UIInterfaceOrientationLandscapeRight";
				INFOPLIST_KEY_UISupportedInterfaceOrientations_iPhone = "UIInterfaceOrientationPortrait UIInterfaceOrientationLandscapeLeft UIInterfaceOrientationLandscapeRight";
				LD_RUNPATH_SEARCH_PATHS = (
					"$(inherited)",
					"@executable_path/Frameworks",
				);
				MARKETING_VERSION = 1.0;
				PRODUCT_BUNDLE_IDENTIFIER = "k.SwiftUI-Slots";
				PRODUCT_NAME = "$(TARGET_NAME)";
				SWIFT_EMIT_LOC_STRINGS = YES;
				SWIFT_VERSION = 5.0;
				TARGETED_DEVICE_FAMILY = "1,2";
			};
			name = Debug;
		};
		AD94668B2881439F00FDB5A5 /* Release */ = {
			isa = XCBuildConfiguration;
			buildSettings = {
				ASSETCATALOG_COMPILER_APPICON_NAME = AppIcon;
				ASSETCATALOG_COMPILER_GLOBAL_ACCENT_COLOR_NAME = AccentColor;
				CODE_SIGN_STYLE = Automatic;
				CURRENT_PROJECT_VERSION = 1;
				DEVELOPMENT_ASSET_PATHS = "\"SwiftUI Slots/Preview Content\"";
				ENABLE_PREVIEWS = YES;
				GENERATE_INFOPLIST_FILE = YES;
				INFOPLIST_KEY_UIApplicationSceneManifest_Generation = YES;
				INFOPLIST_KEY_UIApplicationSupportsIndirectInputEvents = YES;
				INFOPLIST_KEY_UILaunchScreen_Generation = YES;
				INFOPLIST_KEY_UISupportedInterfaceOrientations_iPad = "UIInterfaceOrientationPortrait UIInterfaceOrientationPortraitUpsideDown UIInterfaceOrientationLandscapeLeft UIInterfaceOrientationLandscapeRight";
				INFOPLIST_KEY_UISupportedInterfaceOrientations_iPhone = "UIInterfaceOrientationPortrait UIInterfaceOrientationLandscapeLeft UIInterfaceOrientationLandscapeRight";
				LD_RUNPATH_SEARCH_PATHS = (
					"$(inherited)",
					"@executable_path/Frameworks",
				);
				MARKETING_VERSION = 1.0;
				PRODUCT_BUNDLE_IDENTIFIER = "k.SwiftUI-Slots";
				PRODUCT_NAME = "$(TARGET_NAME)";
				SWIFT_EMIT_LOC_STRINGS = YES;
				SWIFT_VERSION = 5.0;
				TARGETED_DEVICE_FAMILY = "1,2";
			};
			name = Release;
		};
		AD94668D2881439F00FDB5A5 /* Debug */ = {
			isa = XCBuildConfiguration;
			buildSettings = {
				ALWAYS_EMBED_SWIFT_STANDARD_LIBRARIES = YES;
				BUNDLE_LOADER = "$(TEST_HOST)";
				CODE_SIGN_STYLE = Automatic;
				CURRENT_PROJECT_VERSION = 1;
				GENERATE_INFOPLIST_FILE = YES;
				IPHONEOS_DEPLOYMENT_TARGET = 15.2;
				MARKETING_VERSION = 1.0;
				PRODUCT_BUNDLE_IDENTIFIER = "k.SwiftUI-SlotsTests";
				PRODUCT_NAME = "$(TARGET_NAME)";
				SWIFT_EMIT_LOC_STRINGS = NO;
				SWIFT_VERSION = 5.0;
				TARGETED_DEVICE_FAMILY = "1,2";
				TEST_HOST = "$(BUILT_PRODUCTS_DIR)/SwiftUI Slots.app/SwiftUI Slots";
			};
			name = Debug;
		};
		AD94668E2881439F00FDB5A5 /* Release */ = {
			isa = XCBuildConfiguration;
			buildSettings = {
				ALWAYS_EMBED_SWIFT_STANDARD_LIBRARIES = YES;
				BUNDLE_LOADER = "$(TEST_HOST)";
				CODE_SIGN_STYLE = Automatic;
				CURRENT_PROJECT_VERSION = 1;
				GENERATE_INFOPLIST_FILE = YES;
				IPHONEOS_DEPLOYMENT_TARGET = 15.2;
				MARKETING_VERSION = 1.0;
				PRODUCT_BUNDLE_IDENTIFIER = "k.SwiftUI-SlotsTests";
				PRODUCT_NAME = "$(TARGET_NAME)";
				SWIFT_EMIT_LOC_STRINGS = NO;
				SWIFT_VERSION = 5.0;
				TARGETED_DEVICE_FAMILY = "1,2";
				TEST_HOST = "$(BUILT_PRODUCTS_DIR)/SwiftUI Slots.app/SwiftUI Slots";
			};
			name = Release;
		};
		AD9466902881439F00FDB5A5 /* Debug */ = {
			isa = XCBuildConfiguration;
			buildSettings = {
				ALWAYS_EMBED_SWIFT_STANDARD_LIBRARIES = YES;
				CODE_SIGN_STYLE = Automatic;
				CURRENT_PROJECT_VERSION = 1;
				GENERATE_INFOPLIST_FILE = YES;
				MARKETING_VERSION = 1.0;
				PRODUCT_BUNDLE_IDENTIFIER = "k.SwiftUI-SlotsUITests";
				PRODUCT_NAME = "$(TARGET_NAME)";
				SWIFT_EMIT_LOC_STRINGS = NO;
				SWIFT_VERSION = 5.0;
				TARGETED_DEVICE_FAMILY = "1,2";
				TEST_TARGET_NAME = "SwiftUI Slots";
			};
			name = Debug;
		};
		AD9466912881439F00FDB5A5 /* Release */ = {
			isa = XCBuildConfiguration;
			buildSettings = {
				ALWAYS_EMBED_SWIFT_STANDARD_LIBRARIES = YES;
				CODE_SIGN_STYLE = Automatic;
				CURRENT_PROJECT_VERSION = 1;
				GENERATE_INFOPLIST_FILE = YES;
				MARKETING_VERSION = 1.0;
				PRODUCT_BUNDLE_IDENTIFIER = "k.SwiftUI-SlotsUITests";
				PRODUCT_NAME = "$(TARGET_NAME)";
				SWIFT_EMIT_LOC_STRINGS = NO;
				SWIFT_VERSION = 5.0;
				TARGETED_DEVICE_FAMILY = "1,2";
				TEST_TARGET_NAME = "SwiftUI Slots";
			};
			name = Release;
		};
/* End XCBuildConfiguration section */

/* Begin XCConfigurationList section */
		AD9466602881439200FDB5A5 /* Build configuration list for PBXProject "SwiftUI Slots" */ = {
			isa = XCConfigurationList;
			buildConfigurations = (
				AD9466872881439F00FDB5A5 /* Debug */,
				AD9466882881439F00FDB5A5 /* Release */,
			);
			defaultConfigurationIsVisible = 0;
			defaultConfigurationName = Release;
		};
		AD9466892881439F00FDB5A5 /* Build configuration list for PBXNativeTarget "SwiftUI Slots" */ = {
			isa = XCConfigurationList;
			buildConfigurations = (
				AD94668A2881439F00FDB5A5 /* Debug */,
				AD94668B2881439F00FDB5A5 /* Release */,
			);
			defaultConfigurationIsVisible = 0;
			defaultConfigurationName = Release;
		};
		AD94668C2881439F00FDB5A5 /* Build configuration list for PBXNativeTarget "SwiftUI SlotsTests" */ = {
			isa = XCConfigurationList;
			buildConfigurations = (
				AD94668D2881439F00FDB5A5 /* Debug */,
				AD94668E2881439F00FDB5A5 /* Release */,
			);
			defaultConfigurationIsVisible = 0;
			defaultConfigurationName = Release;
		};
		AD94668F2881439F00FDB5A5 /* Build configuration list for PBXNativeTarget "SwiftUI SlotsUITests" */ = {
			isa = XCConfigurationList;
			buildConfigurations = (
				AD9466902881439F00FDB5A5 /* Debug */,
				AD9466912881439F00FDB5A5 /* Release */,
			);
			defaultConfigurationIsVisible = 0;
			defaultConfigurationName = Release;
		};
/* End XCConfigurationList section */
	};
	rootObject = AD94665D2881439200FDB5A5 /* Project object */;
}
